
Microsoft Visual Studio Solution File, Format Version 12.00
# Visual Studio Version 16
VisualStudioVersion = 16.0.29009.5
MinimumVisualStudioVersion = 10.0.40219.1
Project("{FAE04EC0-301F-11D3-BF4B-00C04F79EFBC}") = "SPOJ", "SPOJ\SPOJ.csproj", "{3A32316F-287B-48D2-803E-4C0D91B4F88E}"
EndProject
Project("{FAE04EC0-301F-11D3-BF4B-00C04F79EFBC}") = "Euler", "Euler\Euler.csproj", "{E07FB9D7-8B85-40DF-A541-AC3225DFAC8D}"
EndProject
Project("{FAE04EC0-301F-11D3-BF4B-00C04F79EFBC}") = "GCJ2012", "GCJ2012\GCJ2012.csproj", "{94C3AD96-E822-45F7-80E8-C053F75B730F}"
EndProject
Project("{FAE04EC0-301F-11D3-BF4B-00C04F79EFBC}") = "GCJ2013", "GCJ2013\GCJ2013.csproj", "{0D007418-E810-4D33-8CFC-1D3BCC07F5AE}"
EndProject
Project("{FAE04EC0-301F-11D3-BF4B-00C04F79EFBC}") = "AoC2015", "AoC2015\AoC2015.csproj", "{1C2AEB93-FB91-45C3-BDA4-11BF1B2C019A}"
EndProject
Project("{FAE04EC0-301F-11D3-BF4B-00C04F79EFBC}") = "GCJ2016", "GCJ2016\GCJ2016.csproj", "{5850E3CB-EA66-4DC9-AC21-DF80075B2920}"
EndProject
Project("{FAE04EC0-301F-11D3-BF4B-00C04F79EFBC}") = "AoC2016", "AoC2016\AoC2016.csproj", "{C69A99B4-C26E-4893-843B-28CC6964FA78}"
EndProject
Project("{FAE04EC0-301F-11D3-BF4B-00C04F79EFBC}") = "AoC2017", "AoC2017\AoC2017.csproj", "{C59307A2-E0CF-4B40-81F7-AFD15AB853B6}"
EndProject
Project("{FAE04EC0-301F-11D3-BF4B-00C04F79EFBC}") = "GCJ2018", "GCJ2018\GCJ2018.csproj", "{02619222-AAF6-4431-9CE0-C3C9352155CC}"
EndProject
Project("{FAE04EC0-301F-11D3-BF4B-00C04F79EFBC}") = "SB.LogoInterpreter", "SB.LogoInterpreter\SB.LogoInterpreter.csproj", "{36F06F93-6E40-4E9F-9F87-28922DC2DEFB}"
EndProject
Project("{FAE04EC0-301F-11D3-BF4B-00C04F79EFBC}") = "AoC2018", "AoC2018\AoC2018.csproj", "{A81A8A3D-5906-4FD1-A08C-D6989A4B2B87}"
EndProject
Project("{FAE04EC0-301F-11D3-BF4B-00C04F79EFBC}") = "HackerRank", "HackerRank\HackerRank.csproj", "{817B35FF-DD43-4AA4-9A19-F56A900C4ACF}"
EndProject
Project("{FAE04EC0-301F-11D3-BF4B-00C04F79EFBC}") = "AoC2019", "AoC2019\AoC2019.csproj", "{646A4A3B-4F41-4637-AC14-1937CBDDAE2E}"
EndProject
Global
	GlobalSection(SolutionConfigurationPlatforms) = preSolution
		Debug|Any CPU = Debug|Any CPU
		Debug|Mixed Platforms = Debug|Mixed Platforms
		Debug|x86 = Debug|x86
		Release|Any CPU = Release|Any CPU
		Release|Mixed Platforms = Release|Mixed Platforms
		Release|x86 = Release|x86
	EndGlobalSection
	GlobalSection(ProjectConfigurationPlatforms) = postSolution
		{3A32316F-287B-48D2-803E-4C0D91B4F88E}.Debug|Any CPU.ActiveCfg = Debug|Any CPU
		{3A32316F-287B-48D2-803E-4C0D91B4F88E}.Debug|Any CPU.Build.0 = Debug|Any CPU
		{3A32316F-287B-48D2-803E-4C0D91B4F88E}.Debug|Mixed Platforms.ActiveCfg = Debug|Any CPU
		{3A32316F-287B-48D2-803E-4C0D91B4F88E}.Debug|Mixed Platforms.Build.0 = Debug|Any CPU
		{3A32316F-287B-48D2-803E-4C0D91B4F88E}.Debug|x86.ActiveCfg = Debug|Any CPU
		{3A32316F-287B-48D2-803E-4C0D91B4F88E}.Release|Any CPU.ActiveCfg = Release|Any CPU
		{3A32316F-287B-48D2-803E-4C0D91B4F88E}.Release|Any CPU.Build.0 = Release|Any CPU
		{3A32316F-287B-48D2-803E-4C0D91B4F88E}.Release|Mixed Platforms.ActiveCfg = Release|Any CPU
		{3A32316F-287B-48D2-803E-4C0D91B4F88E}.Release|Mixed Platforms.Build.0 = Release|Any CPU
		{3A32316F-287B-48D2-803E-4C0D91B4F88E}.Release|x86.ActiveCfg = Release|Any CPU
		{E07FB9D7-8B85-40DF-A541-AC3225DFAC8D}.Debug|Any CPU.ActiveCfg = Debug|Any CPU
		{E07FB9D7-8B85-40DF-A541-AC3225DFAC8D}.Debug|Any CPU.Build.0 = Debug|Any CPU
		{E07FB9D7-8B85-40DF-A541-AC3225DFAC8D}.Debug|Mixed Platforms.ActiveCfg = Debug|Any CPU
		{E07FB9D7-8B85-40DF-A541-AC3225DFAC8D}.Debug|Mixed Platforms.Build.0 = Debug|Any CPU
		{E07FB9D7-8B85-40DF-A541-AC3225DFAC8D}.Debug|x86.ActiveCfg = Debug|Any CPU
		{E07FB9D7-8B85-40DF-A541-AC3225DFAC8D}.Release|Any CPU.ActiveCfg = Release|Any CPU
		{E07FB9D7-8B85-40DF-A541-AC3225DFAC8D}.Release|Any CPU.Build.0 = Release|Any CPU
		{E07FB9D7-8B85-40DF-A541-AC3225DFAC8D}.Release|Mixed Platforms.ActiveCfg = Release|Any CPU
		{E07FB9D7-8B85-40DF-A541-AC3225DFAC8D}.Release|Mixed Platforms.Build.0 = Release|Any CPU
		{E07FB9D7-8B85-40DF-A541-AC3225DFAC8D}.Release|x86.ActiveCfg = Release|Any CPU
		{94C3AD96-E822-45F7-80E8-C053F75B730F}.Debug|Any CPU.ActiveCfg = Debug|Any CPU
		{94C3AD96-E822-45F7-80E8-C053F75B730F}.Debug|Any CPU.Build.0 = Debug|Any CPU
		{94C3AD96-E822-45F7-80E8-C053F75B730F}.Debug|Mixed Platforms.ActiveCfg = Debug|Any CPU
		{94C3AD96-E822-45F7-80E8-C053F75B730F}.Debug|Mixed Platforms.Build.0 = Debug|Any CPU
		{94C3AD96-E822-45F7-80E8-C053F75B730F}.Debug|x86.ActiveCfg = Debug|Any CPU
		{94C3AD96-E822-45F7-80E8-C053F75B730F}.Release|Any CPU.ActiveCfg = Release|Any CPU
		{94C3AD96-E822-45F7-80E8-C053F75B730F}.Release|Any CPU.Build.0 = Release|Any CPU
		{94C3AD96-E822-45F7-80E8-C053F75B730F}.Release|Mixed Platforms.ActiveCfg = Release|Any CPU
		{94C3AD96-E822-45F7-80E8-C053F75B730F}.Release|Mixed Platforms.Build.0 = Release|Any CPU
		{94C3AD96-E822-45F7-80E8-C053F75B730F}.Release|x86.ActiveCfg = Release|Any CPU
		{0D007418-E810-4D33-8CFC-1D3BCC07F5AE}.Debug|Any CPU.ActiveCfg = Debug|x86
		{0D007418-E810-4D33-8CFC-1D3BCC07F5AE}.Debug|Mixed Platforms.ActiveCfg = Debug|x86
		{0D007418-E810-4D33-8CFC-1D3BCC07F5AE}.Debug|Mixed Platforms.Build.0 = Debug|x86
		{0D007418-E810-4D33-8CFC-1D3BCC07F5AE}.Debug|x86.ActiveCfg = Debug|x86
		{0D007418-E810-4D33-8CFC-1D3BCC07F5AE}.Debug|x86.Build.0 = Debug|x86
		{0D007418-E810-4D33-8CFC-1D3BCC07F5AE}.Release|Any CPU.ActiveCfg = Release|x86
		{0D007418-E810-4D33-8CFC-1D3BCC07F5AE}.Release|Mixed Platforms.ActiveCfg = Release|x86
		{0D007418-E810-4D33-8CFC-1D3BCC07F5AE}.Release|Mixed Platforms.Build.0 = Release|x86
		{0D007418-E810-4D33-8CFC-1D3BCC07F5AE}.Release|x86.ActiveCfg = Release|x86
		{0D007418-E810-4D33-8CFC-1D3BCC07F5AE}.Release|x86.Build.0 = Release|x86
		{1C2AEB93-FB91-45C3-BDA4-11BF1B2C019A}.Debug|Any CPU.ActiveCfg = Debug|Any CPU
		{1C2AEB93-FB91-45C3-BDA4-11BF1B2C019A}.Debug|Any CPU.Build.0 = Debug|Any CPU
		{1C2AEB93-FB91-45C3-BDA4-11BF1B2C019A}.Debug|Mixed Platforms.ActiveCfg = Debug|Any CPU
		{1C2AEB93-FB91-45C3-BDA4-11BF1B2C019A}.Debug|Mixed Platforms.Build.0 = Debug|Any CPU
		{1C2AEB93-FB91-45C3-BDA4-11BF1B2C019A}.Debug|x86.ActiveCfg = Debug|Any CPU
		{1C2AEB93-FB91-45C3-BDA4-11BF1B2C019A}.Debug|x86.Build.0 = Debug|Any CPU
		{1C2AEB93-FB91-45C3-BDA4-11BF1B2C019A}.Release|Any CPU.ActiveCfg = Release|Any CPU
		{1C2AEB93-FB91-45C3-BDA4-11BF1B2C019A}.Release|Any CPU.Build.0 = Release|Any CPU
		{1C2AEB93-FB91-45C3-BDA4-11BF1B2C019A}.Release|Mixed Platforms.ActiveCfg = Release|Any CPU
		{1C2AEB93-FB91-45C3-BDA4-11BF1B2C019A}.Release|Mixed Platforms.Build.0 = Release|Any CPU
		{1C2AEB93-FB91-45C3-BDA4-11BF1B2C019A}.Release|x86.ActiveCfg = Release|Any CPU
		{1C2AEB93-FB91-45C3-BDA4-11BF1B2C019A}.Release|x86.Build.0 = Release|Any CPU
		{5850E3CB-EA66-4DC9-AC21-DF80075B2920}.Debug|Any CPU.ActiveCfg = Debug|Any CPU
		{5850E3CB-EA66-4DC9-AC21-DF80075B2920}.Debug|Any CPU.Build.0 = Debug|Any CPU
		{5850E3CB-EA66-4DC9-AC21-DF80075B2920}.Debug|Mixed Platforms.ActiveCfg = Debug|Any CPU
		{5850E3CB-EA66-4DC9-AC21-DF80075B2920}.Debug|Mixed Platforms.Build.0 = Debug|Any CPU
		{5850E3CB-EA66-4DC9-AC21-DF80075B2920}.Debug|x86.ActiveCfg = Debug|Any CPU
		{5850E3CB-EA66-4DC9-AC21-DF80075B2920}.Debug|x86.Build.0 = Debug|Any CPU
		{5850E3CB-EA66-4DC9-AC21-DF80075B2920}.Release|Any CPU.ActiveCfg = Release|Any CPU
		{5850E3CB-EA66-4DC9-AC21-DF80075B2920}.Release|Any CPU.Build.0 = Release|Any CPU
		{5850E3CB-EA66-4DC9-AC21-DF80075B2920}.Release|Mixed Platforms.ActiveCfg = Release|Any CPU
		{5850E3CB-EA66-4DC9-AC21-DF80075B2920}.Release|Mixed Platforms.Build.0 = Release|Any CPU
		{5850E3CB-EA66-4DC9-AC21-DF80075B2920}.Release|x86.ActiveCfg = Release|Any CPU
		{5850E3CB-EA66-4DC9-AC21-DF80075B2920}.Release|x86.Build.0 = Release|Any CPU
		{C69A99B4-C26E-4893-843B-28CC6964FA78}.Debug|Any CPU.ActiveCfg = Debug|Any CPU
		{C69A99B4-C26E-4893-843B-28CC6964FA78}.Debug|Any CPU.Build.0 = Debug|Any CPU
		{C69A99B4-C26E-4893-843B-28CC6964FA78}.Debug|Mixed Platforms.ActiveCfg = Debug|Any CPU
		{C69A99B4-C26E-4893-843B-28CC6964FA78}.Debug|Mixed Platforms.Build.0 = Debug|Any CPU
		{C69A99B4-C26E-4893-843B-28CC6964FA78}.Debug|x86.ActiveCfg = Debug|Any CPU
		{C69A99B4-C26E-4893-843B-28CC6964FA78}.Debug|x86.Build.0 = Debug|Any CPU
		{C69A99B4-C26E-4893-843B-28CC6964FA78}.Release|Any CPU.ActiveCfg = Release|Any CPU
		{C69A99B4-C26E-4893-843B-28CC6964FA78}.Release|Any CPU.Build.0 = Release|Any CPU
		{C69A99B4-C26E-4893-843B-28CC6964FA78}.Release|Mixed Platforms.ActiveCfg = Release|Any CPU
		{C69A99B4-C26E-4893-843B-28CC6964FA78}.Release|Mixed Platforms.Build.0 = Release|Any CPU
		{C69A99B4-C26E-4893-843B-28CC6964FA78}.Release|x86.ActiveCfg = Release|Any CPU
		{C69A99B4-C26E-4893-843B-28CC6964FA78}.Release|x86.Build.0 = Release|Any CPU
		{C59307A2-E0CF-4B40-81F7-AFD15AB853B6}.Debug|Any CPU.ActiveCfg = Debug|Any CPU
		{C59307A2-E0CF-4B40-81F7-AFD15AB853B6}.Debug|Any CPU.Build.0 = Debug|Any CPU
		{C59307A2-E0CF-4B40-81F7-AFD15AB853B6}.Debug|Mixed Platforms.ActiveCfg = Debug|Any CPU
		{C59307A2-E0CF-4B40-81F7-AFD15AB853B6}.Debug|Mixed Platforms.Build.0 = Debug|Any CPU
		{C59307A2-E0CF-4B40-81F7-AFD15AB853B6}.Debug|x86.ActiveCfg = Debug|Any CPU
		{C59307A2-E0CF-4B40-81F7-AFD15AB853B6}.Debug|x86.Build.0 = Debug|Any CPU
		{C59307A2-E0CF-4B40-81F7-AFD15AB853B6}.Release|Any CPU.ActiveCfg = Release|Any CPU
		{C59307A2-E0CF-4B40-81F7-AFD15AB853B6}.Release|Any CPU.Build.0 = Release|Any CPU
		{C59307A2-E0CF-4B40-81F7-AFD15AB853B6}.Release|Mixed Platforms.ActiveCfg = Release|Any CPU
		{C59307A2-E0CF-4B40-81F7-AFD15AB853B6}.Release|Mixed Platforms.Build.0 = Release|Any CPU
		{C59307A2-E0CF-4B40-81F7-AFD15AB853B6}.Release|x86.ActiveCfg = Release|Any CPU
		{C59307A2-E0CF-4B40-81F7-AFD15AB853B6}.Release|x86.Build.0 = Release|Any CPU
		{02619222-AAF6-4431-9CE0-C3C9352155CC}.Debug|Any CPU.ActiveCfg = Debug|Any CPU
		{02619222-AAF6-4431-9CE0-C3C9352155CC}.Debug|Any CPU.Build.0 = Debug|Any CPU
		{02619222-AAF6-4431-9CE0-C3C9352155CC}.Debug|Mixed Platforms.ActiveCfg = Debug|Any CPU
		{02619222-AAF6-4431-9CE0-C3C9352155CC}.Debug|Mixed Platforms.Build.0 = Debug|Any CPU
		{02619222-AAF6-4431-9CE0-C3C9352155CC}.Debug|x86.ActiveCfg = Debug|Any CPU
		{02619222-AAF6-4431-9CE0-C3C9352155CC}.Debug|x86.Build.0 = Debug|Any CPU
		{02619222-AAF6-4431-9CE0-C3C9352155CC}.Release|Any CPU.ActiveCfg = Release|Any CPU
		{02619222-AAF6-4431-9CE0-C3C9352155CC}.Release|Any CPU.Build.0 = Release|Any CPU
		{02619222-AAF6-4431-9CE0-C3C9352155CC}.Release|Mixed Platforms.ActiveCfg = Release|Any CPU
		{02619222-AAF6-4431-9CE0-C3C9352155CC}.Release|Mixed Platforms.Build.0 = Release|Any CPU
		{02619222-AAF6-4431-9CE0-C3C9352155CC}.Release|x86.ActiveCfg = Release|Any CPU
		{02619222-AAF6-4431-9CE0-C3C9352155CC}.Release|x86.Build.0 = Release|Any CPU
		{36F06F93-6E40-4E9F-9F87-28922DC2DEFB}.Debug|Any CPU.ActiveCfg = Debug|Any CPU
		{36F06F93-6E40-4E9F-9F87-28922DC2DEFB}.Debug|Any CPU.Build.0 = Debug|Any CPU
		{36F06F93-6E40-4E9F-9F87-28922DC2DEFB}.Debug|Mixed Platforms.ActiveCfg = Debug|Any CPU
		{36F06F93-6E40-4E9F-9F87-28922DC2DEFB}.Debug|Mixed Platforms.Build.0 = Debug|Any CPU
		{36F06F93-6E40-4E9F-9F87-28922DC2DEFB}.Debug|x86.ActiveCfg = Debug|Any CPU
		{36F06F93-6E40-4E9F-9F87-28922DC2DEFB}.Debug|x86.Build.0 = Debug|Any CPU
		{36F06F93-6E40-4E9F-9F87-28922DC2DEFB}.Release|Any CPU.ActiveCfg = Release|Any CPU
		{36F06F93-6E40-4E9F-9F87-28922DC2DEFB}.Release|Any CPU.Build.0 = Release|Any CPU
		{36F06F93-6E40-4E9F-9F87-28922DC2DEFB}.Release|Mixed Platforms.ActiveCfg = Release|Any CPU
		{36F06F93-6E40-4E9F-9F87-28922DC2DEFB}.Release|Mixed Platforms.Build.0 = Release|Any CPU
		{36F06F93-6E40-4E9F-9F87-28922DC2DEFB}.Release|x86.ActiveCfg = Release|Any CPU
		{36F06F93-6E40-4E9F-9F87-28922DC2DEFB}.Release|x86.Build.0 = Release|Any CPU
		{A81A8A3D-5906-4FD1-A08C-D6989A4B2B87}.Debug|Any CPU.ActiveCfg = Debug|Any CPU
		{A81A8A3D-5906-4FD1-A08C-D6989A4B2B87}.Debug|Any CPU.Build.0 = Debug|Any CPU
		{A81A8A3D-5906-4FD1-A08C-D6989A4B2B87}.Debug|Mixed Platforms.ActiveCfg = Debug|Any CPU
		{A81A8A3D-5906-4FD1-A08C-D6989A4B2B87}.Debug|Mixed Platforms.Build.0 = Debug|Any CPU
		{A81A8A3D-5906-4FD1-A08C-D6989A4B2B87}.Debug|x86.ActiveCfg = Debug|Any CPU
		{A81A8A3D-5906-4FD1-A08C-D6989A4B2B87}.Debug|x86.Build.0 = Debug|Any CPU
		{A81A8A3D-5906-4FD1-A08C-D6989A4B2B87}.Release|Any CPU.ActiveCfg = Release|Any CPU
		{A81A8A3D-5906-4FD1-A08C-D6989A4B2B87}.Release|Any CPU.Build.0 = Release|Any CPU
		{A81A8A3D-5906-4FD1-A08C-D6989A4B2B87}.Release|Mixed Platforms.ActiveCfg = Release|Any CPU
		{A81A8A3D-5906-4FD1-A08C-D6989A4B2B87}.Release|Mixed Platforms.Build.0 = Release|Any CPU
		{A81A8A3D-5906-4FD1-A08C-D6989A4B2B87}.Release|x86.ActiveCfg = Release|Any CPU
		{A81A8A3D-5906-4FD1-A08C-D6989A4B2B87}.Release|x86.Build.0 = Release|Any CPU
		{817B35FF-DD43-4AA4-9A19-F56A900C4ACF}.Debug|Any CPU.ActiveCfg = Debug|Any CPU
		{817B35FF-DD43-4AA4-9A19-F56A900C4ACF}.Debug|Any CPU.Build.0 = Debug|Any CPU
		{817B35FF-DD43-4AA4-9A19-F56A900C4ACF}.Debug|Mixed Platforms.ActiveCfg = Debug|Any CPU
		{817B35FF-DD43-4AA4-9A19-F56A900C4ACF}.Debug|Mixed Platforms.Build.0 = Debug|Any CPU
		{817B35FF-DD43-4AA4-9A19-F56A900C4ACF}.Debug|x86.ActiveCfg = Debug|Any CPU
		{817B35FF-DD43-4AA4-9A19-F56A900C4ACF}.Debug|x86.Build.0 = Debug|Any CPU
		{817B35FF-DD43-4AA4-9A19-F56A900C4ACF}.Release|Any CPU.ActiveCfg = Release|Any CPU
		{817B35FF-DD43-4AA4-9A19-F56A900C4ACF}.Release|Any CPU.Build.0 = Release|Any CPU
		{817B35FF-DD43-4AA4-9A19-F56A900C4ACF}.Release|Mixed Platforms.ActiveCfg = Release|Any CPU
		{817B35FF-DD43-4AA4-9A19-F56A900C4ACF}.Release|Mixed Platforms.Build.0 = Release|Any CPU
		{817B35FF-DD43-4AA4-9A19-F56A900C4ACF}.Release|x86.ActiveCfg = Release|Any CPU
		{817B35FF-DD43-4AA4-9A19-F56A900C4ACF}.Release|x86.Build.0 = Release|Any CPU
		{646A4A3B-4F41-4637-AC14-1937CBDDAE2E}.Debug|Any CPU.ActiveCfg = Debug|Any CPU
		{646A4A3B-4F41-4637-AC14-1937CBDDAE2E}.Debug|Any CPU.Build.0 = Debug|Any CPU
		{646A4A3B-4F41-4637-AC14-1937CBDDAE2E}.Debug|Mixed Platforms.ActiveCfg = Debug|Any CPU
		{646A4A3B-4F41-4637-AC14-1937CBDDAE2E}.Debug|Mixed Platforms.Build.0 = Debug|Any CPU
		{646A4A3B-4F41-4637-AC14-1937CBDDAE2E}.Debug|x86.ActiveCfg = Debug|Any CPU
		{646A4A3B-4F41-4637-AC14-1937CBDDAE2E}.Debug|x86.Build.0 = Debug|Any CPU
		{646A4A3B-4F41-4637-AC14-1937CBDDAE2E}.Release|Any CPU.ActiveCfg = Release|Any CPU
		{646A4A3B-4F41-4637-AC14-1937CBDDAE2E}.Release|Any CPU.Build.0 = Release|Any CPU
		{646A4A3B-4F41-4637-AC14-1937CBDDAE2E}.Release|Mixed Platforms.ActiveCfg = Release|Any CPU
		{646A4A3B-4F41-4637-AC14-1937CBDDAE2E}.Release|Mixed Platforms.Build.0 = Release|Any CPU
		{646A4A3B-4F41-4637-AC14-1937CBDDAE2E}.Release|x86.ActiveCfg = Release|Any CPU
		{646A4A3B-4F41-4637-AC14-1937CBDDAE2E}.Release|x86.Build.0 = Release|Any CPU
	EndGlobalSection
	GlobalSection(SolutionProperties) = preSolution
		HideSolutionNode = FALSE
	EndGlobalSection
	GlobalSection(ExtensibilityGlobals) = postSolution
		SolutionGuid = {B06B19F0-54BA-4385-A7D4-3C2405FD7F8C}
	EndGlobalSection
EndGlobal
